
Microsoft Visual Studio Solution File, Format Version 12.00
# Visual Studio Version 16
VisualStudioVersion = 16.0.31205.134
MinimumVisualStudioVersion = 10.0.40219.1
Project("{FAE04EC0-301F-11D3-BF4B-00C04F79EFBC}") = "Dynamics 3", "Dynamics 3.csproj", "{0FFC1501-1C08-443E-BDA7-BD0C7546A572}"
EndProject
Global
	GlobalSection(SolutionConfigurationPlatforms) = preSolution
		Debug|Any CPU = Debug|Any CPU
		Release|Any CPU = Release|Any CPU
	EndGlobalSection
	GlobalSection(ProjectConfigurationPlatforms) = postSolution
		{0FFC1501-1C08-443E-BDA7-BD0C7546A572}.Debug|Any CPU.ActiveCfg = Debug|Any CPU
		{0FFC1501-1C08-443E-BDA7-BD0C7546A572}.Debug|Any CPU.Build.0 = Debug|Any CPU
		{0FFC1501-1C08-443E-BDA7-BD0C7546A572}.Release|Any CPU.ActiveCfg = Release|Any CPU
		{0FFC1501-1C08-443E-BDA7-BD0C7546A572}.Release|Any CPU.Build.0 = Release|Any CPU
	EndGlobalSection
	GlobalSection(SolutionProperties) = preSolution
		HideSolutionNode = FALSE
	EndGlobalSection
	GlobalSection(ExtensibilityGlobals) = postSolution
		SolutionGuid = {AEE34AE1-C0A8-4D8A-96ED-6B163FA032D4}
	EndGlobalSection
EndGlobal
